{
  "requires": true,
  "lockfileVersion": 1,
  "dependencies": {
    "@avaya/neo": {
      "version": "3.51.0",
      "resolved": "https://registry.npmjs.org/@avaya/neo/-/neo-3.51.0.tgz",
      "integrity": "sha512-p1Yqy8UcoSvU+amrOkGPOtarP+unLDlhCTJp8AOuOMok0SqTlipU9pPRaoQsnPTmR4V984301hUhQHbRGJKBFw=="
    },
    "@avaya/neo-react": {
      "version": "0.2.0",
      "resolved": "https://registry.npmjs.org/@avaya/neo-react/-/neo-react-0.2.0.tgz",
      "integrity": "sha512-rkaP9ZwGA/3XfYkfLTlOvS+ANW2oovUbNujHRnmkaYRcs+W4XKxQqzWG+XNBlmKvqUSCD/GATaEU4yz5TJfkEw==",
      "requires": {
        "clsx": "^1.1.1",
        "react-table": "^7.7.0",
        "uuid": "^8.3.2"
      }
    },
    "clsx": {
      "version": "1.1.1",
      "resolved": "https://registry.npmjs.org/clsx/-/clsx-1.1.1.tgz",
      "integrity": "sha512-6/bPho624p3S2pMyvP5kKBPXnI3ufHLObBFCfgx+LkeR5lg2XYy2hqZqUf45ypD8COn2bhgGJSUE+l5dhNBieA=="
    },
    "react-table": {
      "version": "7.7.0",
      "resolved": "https://registry.npmjs.org/react-table/-/react-table-7.7.0.tgz",
      "integrity": "sha512-jBlj70iBwOTvvImsU9t01LjFjy4sXEtclBovl3mTiqjz23Reu0DKnRza4zlLtOPACx6j2/7MrQIthIK1Wi+LIA=="
    },
    "uuid": {
      "version": "8.3.2",
      "resolved": "https://registry.npmjs.org/uuid/-/uuid-8.3.2.tgz",
      "integrity": "sha512-+NYs2QeMWy+GWFOEm9xnn6HCDp0l7QBD7ml8zLUmJ+93Q5NF0NocErnwkTkXVFNiX3/fpC6afS8Dhb/gz7R7eg=="
    }
  }
}
